
Microsoft Visual Studio Solution File, Format Version 12.00
# Visual Studio Version 16
VisualStudioVersion = 16.0.31019.35
MinimumVisualStudioVersion = 10.0.40219.1
Project("{9A19103F-16F7-4668-BE54-9A1E7A4F7556}") = "theLostWorld", "theLostWorld.csproj", "{AD26F784-CD43-4A63-A515-6440D9A5B6E3}"
EndProject
Project("{2150E333-8FDC-42A3-9474-1A3956D46DE8}") = "Solution Items", "Solution Items", "{9E10CC1F-B7AF-4DBC-9B8C-56FCF955A9DC}"
	ProjectSection(SolutionItems) = preProject
		.editorconfig = .editorconfig
	EndProjectSection
EndProject
Global
	GlobalSection(SolutionConfigurationPlatforms) = preSolution
		Debug|Any CPU = Debug|Any CPU
		Release|Any CPU = Release|Any CPU
	EndGlobalSection
	GlobalSection(ProjectConfigurationPlatforms) = postSolution
		{AD26F784-CD43-4A63-A515-6440D9A5B6E3}.Debug|Any CPU.ActiveCfg = Debug|Any CPU
		{AD26F784-CD43-4A63-A515-6440D9A5B6E3}.Debug|Any CPU.Build.0 = Debug|Any CPU
		{AD26F784-CD43-4A63-A515-6440D9A5B6E3}.Release|Any CPU.ActiveCfg = Release|Any CPU
		{AD26F784-CD43-4A63-A515-6440D9A5B6E3}.Release|Any CPU.Build.0 = Release|Any CPU
	EndGlobalSection
	GlobalSection(SolutionProperties) = preSolution
		HideSolutionNode = FALSE
	EndGlobalSection
	GlobalSection(ExtensibilityGlobals) = postSolution
		SolutionGuid = {3CB57963-2F18-41A6-B704-966D9104A78F}
	EndGlobalSection
EndGlobal
